
Microsoft Visual Studio Solution File, Format Version 12.00
# Visual Studio Version 16
VisualStudioVersion = 16.0.30717.126
MinimumVisualStudioVersion = 10.0.40219.1
Project("{2150E333-8FDC-42A3-9474-1A3956D46DE8}") = "Source", "Source", "{68AA9A09-9EC7-4A09-B7F6-11F93772E3CB}"
EndProject
Project("{2150E333-8FDC-42A3-9474-1A3956D46DE8}") = "Microservice", "Microservice", "{EBBFA66C-9B38-4A9B-AA6F-A3030E8D5718}"
EndProject
Project("{2150E333-8FDC-42A3-9474-1A3956D46DE8}") = "Movies", "Movies", "{8F6F0E39-8FE9-4066-9A7B-AF0AA8325C2A}"
EndProject
Project("{2150E333-8FDC-42A3-9474-1A3956D46DE8}") = "Api", "Api", "{A97BCB1A-E359-4341-A26C-342F4ADB4915}"
EndProject
Project("{2150E333-8FDC-42A3-9474-1A3956D46DE8}") = "Shared", "Shared", "{4C6C4904-61E6-44B5-9A91-04827B0D8032}"
EndProject
Project("{2150E333-8FDC-42A3-9474-1A3956D46DE8}") = "Database", "Database", "{E5269885-9A87-46A8-BCCF-113DFC9E16F6}"
EndProject
Project("{2150E333-8FDC-42A3-9474-1A3956D46DE8}") = "UnitTest", "UnitTest", "{D113CB62-C5F2-40B1-B306-EAEF60562A55}"
EndProject
Project("{00D1A9C2-B5F0-4AF3-8072-F6C62B433612}") = "Movies.Db", "Movies.Db\Movies.Db.sqlproj", "{297F6518-E35D-4E90-A3C3-B23C561794A7}"
EndProject
Project("{9A19103F-16F7-4668-BE54-9A1E7A4F7556}") = "Movies.Models", "Movies.Models\Movies.Models.csproj", "{B0A61EFB-24CC-45EC-BFA2-8AF2B7DCBB62}"
EndProject
Project("{9A19103F-16F7-4668-BE54-9A1E7A4F7556}") = "Movie.Command.Api", "Movie.Command.Api\Movie.Command.Api.csproj", "{62ED369F-C99B-44A8-BE0C-CA924C37C51A}"
EndProject
Project("{2150E333-8FDC-42A3-9474-1A3956D46DE8}") = "Framework", "Framework", "{CED0E6FF-07BE-4DEA-B3BD-FEBF20A165B6}"
EndProject
Project("{9A19103F-16F7-4668-BE54-9A1E7A4F7556}") = "Framework.SqlClient", "Framework.SqlClient\Framework.SqlClient.csproj", "{4F5EAD07-7CDC-4CA8-B28B-D774926564CC}"
EndProject
Project("{9A19103F-16F7-4668-BE54-9A1E7A4F7556}") = "Movie.Command.UnitTest", "Movie.Command.UnitTest\Movie.Command.UnitTest.csproj", "{FADA233B-7709-4927-8239-20D936B64B2F}"
EndProject
Project("{9A19103F-16F7-4668-BE54-9A1E7A4F7556}") = "Framework.Models", "Framework.Models\Framework.Models.csproj", "{0738296E-16CC-418F-BBBF-084006159864}"
EndProject
Project("{2150E333-8FDC-42A3-9474-1A3956D46DE8}") = "Gateways", "Gateways", "{87BA8899-1722-492A-BBCE-EE463AD04D9B}"
EndProject
Project("{9A19103F-16F7-4668-BE54-9A1E7A4F7556}") = "Web.Gateways", "Web.Gateways\Web.Gateways.csproj", "{9D0F4E88-D6A2-49A6-AF32-B127C0D64F77}"
EndProject
Project("{9A19103F-16F7-4668-BE54-9A1E7A4F7556}") = "Mobile.Gateways", "Mobile.Gateways\Mobile.Gateways.csproj", "{2780C9EB-4B98-432A-A1E8-429B7B36FAD3}"
EndProject
Project("{9A19103F-16F7-4668-BE54-9A1E7A4F7556}") = "Movie.Query.Api", "Movie.Query.Api\Movie.Query.Api.csproj", "{363B952B-5D96-4167-83A3-02222D9D462E}"
EndProject
Project("{9A19103F-16F7-4668-BE54-9A1E7A4F7556}") = "Movie.Query.UnitTest", "Movie.Query.UnitTest\Movie.Query.UnitTest.csproj", "{4CCB00B8-D82A-4B81-BE6F-D2F36C2795C5}"
EndProject
Project("{FAE04EC0-301F-11D3-BF4B-00C04F79EFBC}") = "Framework.MongoDbClient", "Framework.MongoDbClient\Framework.MongoDbClient.csproj", "{D9241D81-B77F-482F-B149-536396A28877}"
EndProject
Project("{FAE04EC0-301F-11D3-BF4B-00C04F79EFBC}") = "Framework.EventSource", "Framework.EventSource.Models\Framework.EventSource.csproj", "{4AEF0634-5271-4AC9-9D0C-087F7704EF52}"
EndProject
Global
	GlobalSection(SolutionConfigurationPlatforms) = preSolution
		Debug|Any CPU = Debug|Any CPU
		Release|Any CPU = Release|Any CPU
	EndGlobalSection
	GlobalSection(ProjectConfigurationPlatforms) = postSolution
		{297F6518-E35D-4E90-A3C3-B23C561794A7}.Debug|Any CPU.ActiveCfg = Debug|Any CPU
		{297F6518-E35D-4E90-A3C3-B23C561794A7}.Debug|Any CPU.Build.0 = Debug|Any CPU
		{297F6518-E35D-4E90-A3C3-B23C561794A7}.Debug|Any CPU.Deploy.0 = Debug|Any CPU
		{297F6518-E35D-4E90-A3C3-B23C561794A7}.Release|Any CPU.ActiveCfg = Release|Any CPU
		{297F6518-E35D-4E90-A3C3-B23C561794A7}.Release|Any CPU.Build.0 = Release|Any CPU
		{297F6518-E35D-4E90-A3C3-B23C561794A7}.Release|Any CPU.Deploy.0 = Release|Any CPU
		{B0A61EFB-24CC-45EC-BFA2-8AF2B7DCBB62}.Debug|Any CPU.ActiveCfg = Debug|Any CPU
		{B0A61EFB-24CC-45EC-BFA2-8AF2B7DCBB62}.Debug|Any CPU.Build.0 = Debug|Any CPU
		{B0A61EFB-24CC-45EC-BFA2-8AF2B7DCBB62}.Release|Any CPU.ActiveCfg = Release|Any CPU
		{B0A61EFB-24CC-45EC-BFA2-8AF2B7DCBB62}.Release|Any CPU.Build.0 = Release|Any CPU
		{62ED369F-C99B-44A8-BE0C-CA924C37C51A}.Debug|Any CPU.ActiveCfg = Debug|Any CPU
		{62ED369F-C99B-44A8-BE0C-CA924C37C51A}.Debug|Any CPU.Build.0 = Debug|Any CPU
		{62ED369F-C99B-44A8-BE0C-CA924C37C51A}.Release|Any CPU.ActiveCfg = Release|Any CPU
		{62ED369F-C99B-44A8-BE0C-CA924C37C51A}.Release|Any CPU.Build.0 = Release|Any CPU
		{4F5EAD07-7CDC-4CA8-B28B-D774926564CC}.Debug|Any CPU.ActiveCfg = Debug|Any CPU
		{4F5EAD07-7CDC-4CA8-B28B-D774926564CC}.Debug|Any CPU.Build.0 = Debug|Any CPU
		{4F5EAD07-7CDC-4CA8-B28B-D774926564CC}.Release|Any CPU.ActiveCfg = Release|Any CPU
		{4F5EAD07-7CDC-4CA8-B28B-D774926564CC}.Release|Any CPU.Build.0 = Release|Any CPU
		{FADA233B-7709-4927-8239-20D936B64B2F}.Debug|Any CPU.ActiveCfg = Debug|Any CPU
		{FADA233B-7709-4927-8239-20D936B64B2F}.Debug|Any CPU.Build.0 = Debug|Any CPU
		{FADA233B-7709-4927-8239-20D936B64B2F}.Release|Any CPU.ActiveCfg = Release|Any CPU
		{FADA233B-7709-4927-8239-20D936B64B2F}.Release|Any CPU.Build.0 = Release|Any CPU
		{0738296E-16CC-418F-BBBF-084006159864}.Debug|Any CPU.ActiveCfg = Debug|Any CPU
		{0738296E-16CC-418F-BBBF-084006159864}.Debug|Any CPU.Build.0 = Debug|Any CPU
		{0738296E-16CC-418F-BBBF-084006159864}.Release|Any CPU.ActiveCfg = Release|Any CPU
		{0738296E-16CC-418F-BBBF-084006159864}.Release|Any CPU.Build.0 = Release|Any CPU
		{9D0F4E88-D6A2-49A6-AF32-B127C0D64F77}.Debug|Any CPU.ActiveCfg = Debug|Any CPU
		{9D0F4E88-D6A2-49A6-AF32-B127C0D64F77}.Debug|Any CPU.Build.0 = Debug|Any CPU
		{9D0F4E88-D6A2-49A6-AF32-B127C0D64F77}.Release|Any CPU.ActiveCfg = Release|Any CPU
		{9D0F4E88-D6A2-49A6-AF32-B127C0D64F77}.Release|Any CPU.Build.0 = Release|Any CPU
		{2780C9EB-4B98-432A-A1E8-429B7B36FAD3}.Debug|Any CPU.ActiveCfg = Debug|Any CPU
		{2780C9EB-4B98-432A-A1E8-429B7B36FAD3}.Debug|Any CPU.Build.0 = Debug|Any CPU
		{2780C9EB-4B98-432A-A1E8-429B7B36FAD3}.Release|Any CPU.ActiveCfg = Release|Any CPU
		{2780C9EB-4B98-432A-A1E8-429B7B36FAD3}.Release|Any CPU.Build.0 = Release|Any CPU
		{363B952B-5D96-4167-83A3-02222D9D462E}.Debug|Any CPU.ActiveCfg = Debug|Any CPU
		{363B952B-5D96-4167-83A3-02222D9D462E}.Debug|Any CPU.Build.0 = Debug|Any CPU
		{363B952B-5D96-4167-83A3-02222D9D462E}.Release|Any CPU.ActiveCfg = Release|Any CPU
		{363B952B-5D96-4167-83A3-02222D9D462E}.Release|Any CPU.Build.0 = Release|Any CPU
		{4CCB00B8-D82A-4B81-BE6F-D2F36C2795C5}.Debug|Any CPU.ActiveCfg = Debug|Any CPU
		{4CCB00B8-D82A-4B81-BE6F-D2F36C2795C5}.Debug|Any CPU.Build.0 = Debug|Any CPU
		{4CCB00B8-D82A-4B81-BE6F-D2F36C2795C5}.Release|Any CPU.ActiveCfg = Release|Any CPU
		{4CCB00B8-D82A-4B81-BE6F-D2F36C2795C5}.Release|Any CPU.Build.0 = Release|Any CPU
		{D9241D81-B77F-482F-B149-536396A28877}.Debug|Any CPU.ActiveCfg = Debug|Any CPU
		{D9241D81-B77F-482F-B149-536396A28877}.Debug|Any CPU.Build.0 = Debug|Any CPU
		{D9241D81-B77F-482F-B149-536396A28877}.Release|Any CPU.ActiveCfg = Release|Any CPU
		{D9241D81-B77F-482F-B149-536396A28877}.Release|Any CPU.Build.0 = Release|Any CPU
		{4AEF0634-5271-4AC9-9D0C-087F7704EF52}.Debug|Any CPU.ActiveCfg = Debug|Any CPU
		{4AEF0634-5271-4AC9-9D0C-087F7704EF52}.Debug|Any CPU.Build.0 = Debug|Any CPU
		{4AEF0634-5271-4AC9-9D0C-087F7704EF52}.Release|Any CPU.ActiveCfg = Release|Any CPU
		{4AEF0634-5271-4AC9-9D0C-087F7704EF52}.Release|Any CPU.Build.0 = Release|Any CPU
	EndGlobalSection
	GlobalSection(SolutionProperties) = preSolution
		HideSolutionNode = FALSE
	EndGlobalSection
	GlobalSection(NestedProjects) = preSolution
		{EBBFA66C-9B38-4A9B-AA6F-A3030E8D5718} = {68AA9A09-9EC7-4A09-B7F6-11F93772E3CB}
		{8F6F0E39-8FE9-4066-9A7B-AF0AA8325C2A} = {EBBFA66C-9B38-4A9B-AA6F-A3030E8D5718}
		{A97BCB1A-E359-4341-A26C-342F4ADB4915} = {8F6F0E39-8FE9-4066-9A7B-AF0AA8325C2A}
		{4C6C4904-61E6-44B5-9A91-04827B0D8032} = {8F6F0E39-8FE9-4066-9A7B-AF0AA8325C2A}
		{E5269885-9A87-46A8-BCCF-113DFC9E16F6} = {8F6F0E39-8FE9-4066-9A7B-AF0AA8325C2A}
		{D113CB62-C5F2-40B1-B306-EAEF60562A55} = {8F6F0E39-8FE9-4066-9A7B-AF0AA8325C2A}
		{297F6518-E35D-4E90-A3C3-B23C561794A7} = {E5269885-9A87-46A8-BCCF-113DFC9E16F6}
		{B0A61EFB-24CC-45EC-BFA2-8AF2B7DCBB62} = {4C6C4904-61E6-44B5-9A91-04827B0D8032}
		{62ED369F-C99B-44A8-BE0C-CA924C37C51A} = {A97BCB1A-E359-4341-A26C-342F4ADB4915}
		{CED0E6FF-07BE-4DEA-B3BD-FEBF20A165B6} = {68AA9A09-9EC7-4A09-B7F6-11F93772E3CB}
		{4F5EAD07-7CDC-4CA8-B28B-D774926564CC} = {CED0E6FF-07BE-4DEA-B3BD-FEBF20A165B6}
		{FADA233B-7709-4927-8239-20D936B64B2F} = {D113CB62-C5F2-40B1-B306-EAEF60562A55}
		{0738296E-16CC-418F-BBBF-084006159864} = {CED0E6FF-07BE-4DEA-B3BD-FEBF20A165B6}
		{87BA8899-1722-492A-BBCE-EE463AD04D9B} = {68AA9A09-9EC7-4A09-B7F6-11F93772E3CB}
		{9D0F4E88-D6A2-49A6-AF32-B127C0D64F77} = {87BA8899-1722-492A-BBCE-EE463AD04D9B}
		{2780C9EB-4B98-432A-A1E8-429B7B36FAD3} = {87BA8899-1722-492A-BBCE-EE463AD04D9B}
		{363B952B-5D96-4167-83A3-02222D9D462E} = {A97BCB1A-E359-4341-A26C-342F4ADB4915}
		{4CCB00B8-D82A-4B81-BE6F-D2F36C2795C5} = {D113CB62-C5F2-40B1-B306-EAEF60562A55}
		{D9241D81-B77F-482F-B149-536396A28877} = {CED0E6FF-07BE-4DEA-B3BD-FEBF20A165B6}
		{4AEF0634-5271-4AC9-9D0C-087F7704EF52} = {CED0E6FF-07BE-4DEA-B3BD-FEBF20A165B6}
	EndGlobalSection
	GlobalSection(ExtensibilityGlobals) = postSolution
		SolutionGuid = {011CB04F-1848-4B2B-A4EF-4CE492B6AE35}
	EndGlobalSection
EndGlobal
